
Microsoft Visual Studio Solution File, Format Version 12.00
# Visual Studio Version 16
VisualStudioVersion = 16.0.30320.27
MinimumVisualStudioVersion = 10.0.40219.1
Project("{FAE04EC0-301F-11D3-BF4B-00C04F79EFBC}") = "FizzBuzz", "FizzBuzz\FizzBuzz.csproj", "{DBFC41DD-F055-45A3-92E9-A347C0EA64E1}"
EndProject
Project("{FAE04EC0-301F-11D3-BF4B-00C04F79EFBC}") = "FizzBuzzUnitTests", "FizzBuzzUnitTests\FizzBuzzUnitTests.csproj", "{5844300C-0EE6-4F9D-8B18-1B92C45B13EC}"
EndProject
Global
	GlobalSection(SolutionConfigurationPlatforms) = preSolution
		Debug|Any CPU = Debug|Any CPU
		Release|Any CPU = Release|Any CPU
	EndGlobalSection
	GlobalSection(ProjectConfigurationPlatforms) = postSolution
		{DBFC41DD-F055-45A3-92E9-A347C0EA64E1}.Debug|Any CPU.ActiveCfg = Debug|Any CPU
		{DBFC41DD-F055-45A3-92E9-A347C0EA64E1}.Debug|Any CPU.Build.0 = Debug|Any CPU
		{DBFC41DD-F055-45A3-92E9-A347C0EA64E1}.Release|Any CPU.ActiveCfg = Release|Any CPU
		{DBFC41DD-F055-45A3-92E9-A347C0EA64E1}.Release|Any CPU.Build.0 = Release|Any CPU
		{5844300C-0EE6-4F9D-8B18-1B92C45B13EC}.Debug|Any CPU.ActiveCfg = Debug|Any CPU
		{5844300C-0EE6-4F9D-8B18-1B92C45B13EC}.Debug|Any CPU.Build.0 = Debug|Any CPU
		{5844300C-0EE6-4F9D-8B18-1B92C45B13EC}.Release|Any CPU.ActiveCfg = Release|Any CPU
		{5844300C-0EE6-4F9D-8B18-1B92C45B13EC}.Release|Any CPU.Build.0 = Release|Any CPU
	EndGlobalSection
	GlobalSection(SolutionProperties) = preSolution
		HideSolutionNode = FALSE
	EndGlobalSection
	GlobalSection(ExtensibilityGlobals) = postSolution
		SolutionGuid = {DEC7CEB6-1617-4FCF-A417-0785CC5C5C0E}
	EndGlobalSection
EndGlobal
